hash: e7fa460b0051bfb041b5b2dc2f6f234e1cfec63f720b56d65949a16a8a84f05a
updated: 2017-04-03T20:19:26.440666369+02:00
imports:
- name: github.com/coreos/etcd
  version: f13bea0bb0cdb59be87112b40843bb105c68dbbe
  subpackages:
  - client
  - pkg/pathutil
  - pkg/types
  - version
- name: github.com/coreos/go-semver
  version: 568e959cd89871e61434c1143528d9162da89ef2
  subpackages:
  - semver
- name: github.com/pressly/chi
  version: 157587f33c258f3590967dfc7be2e75c0aa1cdf3
- name: github.com/sgallagher/openssl
  version: 50fb77f227a1f611910aba7eb3041fa806e8ae6c
- name: github.com/spacemonkeygo/openssl
  version: 535a60be661a3b43cec61e5807413de4be69ecad
  subpackages:
  - utils
- name: github.com/spacemonkeygo/spacelog
  version: 16604ed16156d8634877b208e8acc9279f399777
- name: github.com/ugorji/go
  version: ded73eae5db7e7a0ef6f55aace87a2873c5d2b74
  subpackages:
  - codec
- name: golang.org/x/net
  version: b400c2eff1badec7022a8c8f5bea058b6315eed7
  subpackages:
  - context
testImports: []
