hash: 6b7ae4fdc7aec0b62f384d095fee72f859d390c7b32f2c70310c5270d8abaf35
updated: 2016-08-18T16:08:07.388420614+02:00
imports:
- name: github.com/coreos/etcd
  version: a20d4a2d31e0a34bd6c07a45931703e6164d2b65
  subpackages:
  - client
  - pkg/pathutil
  - pkg/types
- name: github.com/gin-gonic/gin
  version: 5caaac4c5c712a9e7a7de29e6c24ef46c753017f
  subpackages:
  - binding
  - render
- name: github.com/golang/protobuf
  version: 2402d76f3d41f928c7902a765dfc872356dd3aad
  subpackages:
  - proto
- name: github.com/google/gofuzz
  version: fd52762d25a41827db7ef64c43756fd4b9f7e382
- name: github.com/manucorporat/sse
  version: ee05b128a739a0fb76c7ebd3ae4810c1de808d6d
- name: github.com/pkg/errors
  version: a22138067af1c4942683050411a841ade67fe1eb
- name: github.com/spacemonkeygo/openssl
  version: a0b9b65330879b8c85bc7be7ab1608eafe318b5e
  subpackages:
  - utils
- name: github.com/spacemonkeygo/spacelog
  version: f936fb050dc6b5fe4a96b485a6f069e8bdc59aeb
- name: github.com/ugorji/go
  version: f1f1a805ed361a0e078bb537e4ea78cd37dcf065
  subpackages:
  - codec
- name: github.com/YakLabs/k8s-client
  version: 3966f2fff1a1516075d3212450719ffd2638ac8b
  subpackages:
  - http
  - intstr
- name: golang.org/x/net
  version: f315505cf3349909cdf013ea56690da34e96a451
  subpackages:
  - context
- name: gopkg.in/go-playground/validator.v8
  version: c193cecd124b5cc722d7ee5538e945bdb3348435
- name: gopkg.in/yaml.v2
  version: 53feefa2559fb8dfa8d81baad31be332c97d6c77
testImports: []
