hash: 660e9fc2cb79b6ccf64d930fd839a3af92e1b0e01adc39d119a7c23b833a403b
updated: 2016-09-21T10:49:11.521537164+02:00
imports:
- name: github.com/coreos/etcd
  version: d6a3ce17d5c48f6d276ee16751195a94e1e4bd45
  subpackages:
  - client
  - pkg/pathutil
  - pkg/types
- name: github.com/gin-gonic/gin
  version: 5caaac4c5c712a9e7a7de29e6c24ef46c753017f
  subpackages:
  - binding
  - render
- name: github.com/golang/protobuf
  version: 2402d76f3d41f928c7902a765dfc872356dd3aad
  subpackages:
  - proto
- name: github.com/google/gofuzz
  version: fd52762d25a41827db7ef64c43756fd4b9f7e382
- name: github.com/manucorporat/sse
  version: ee05b128a739a0fb76c7ebd3ae4810c1de808d6d
- name: github.com/pkg/errors
  version: a22138067af1c4942683050411a841ade67fe1eb
- name: github.com/sgallagher/openssl
  version: 50fb77f227a1f611910aba7eb3041fa806e8ae6c
- name: github.com/spacemonkeygo/openssl
  version: a0b9b65330879b8c85bc7be7ab1608eafe318b5e
  subpackages:
  - utils
- name: github.com/spacemonkeygo/spacelog
  version: f936fb050dc6b5fe4a96b485a6f069e8bdc59aeb
- name: github.com/ugorji/go
  version: f1f1a805ed361a0e078bb537e4ea78cd37dcf065
  subpackages:
  - codec
- name: github.com/YakLabs/k8s-client
  version: dd93dcca084b204b1ba50e54aa1698abeb1bf37a
  subpackages:
  - http
  - intstr
- name: golang.org/x/net
  version: f315505cf3349909cdf013ea56690da34e96a451
  subpackages:
  - context
- name: gopkg.in/go-playground/validator.v8
  version: c193cecd124b5cc722d7ee5538e945bdb3348435
- name: gopkg.in/yaml.v2
  version: 53feefa2559fb8dfa8d81baad31be332c97d6c77
testImports: []
